
Microsoft Visual Studio Solution File, Format Version 12.00
# Visual Studio 15
VisualStudioVersion = 15.0.27130.2036
MinimumVisualStudioVersion = 10.0.40219.1
Project("{9A19103F-16F7-4668-BE54-9A1E7A4F7556}") = "AsyncNet.Jobs", "AsyncNet.Jobs\AsyncNet.Jobs.csproj", "{A20C1BE5-83B2-405B-95A5-32D33EDE2CE3}"
EndProject
Project("{9A19103F-16F7-4668-BE54-9A1E7A4F7556}") = "AsyncNet.TestJobs", "AsyncNet.TestJobs\AsyncNet.TestJobs.csproj", "{30755BEE-4E39-4B62-B543-D5AD0DF78FD6}"
EndProject
Project("{9A19103F-16F7-4668-BE54-9A1E7A4F7556}") = "AsyncNet.Common", "AsyncNet.Common\AsyncNet.Common.csproj", "{FCC6E5ED-3100-45DD-9F8D-21031EBEAF3B}"
EndProject
Project("{9A19103F-16F7-4668-BE54-9A1E7A4F7556}") = "AsyncNet.Start", "AsyncNet.Start\AsyncNet.Start.csproj", "{6A99A16D-DA06-4DF5-B19A-3070E9A35082}"
EndProject
Project("{FAE04EC0-301F-11D3-BF4B-00C04F79EFBC}") = "AsyncNet.Selenium.Pages", "AsyncNet.Selenium.Pages\AsyncNet.Selenium.Pages.csproj", "{BFC86752-B159-4D5B-89DC-70BA842AC0FE}"
EndProject
Project("{FAE04EC0-301F-11D3-BF4B-00C04F79EFBC}") = "AsyncNet.Selenium.Common", "AsyncNet.Selenium.Common\AsyncNet.Selenium.Common.csproj", "{C1BBC0CD-8E75-4C84-940B-3A8D07FB7EC9}"
EndProject
Project("{FAE04EC0-301F-11D3-BF4B-00C04F79EFBC}") = "AsyncNet.Selenium.Tests", "AsyncNet.Selenium.Tests\AsyncNet.Selenium.Tests.csproj", "{A9A7567D-B339-454B-9DBC-2C297C9472E9}"
EndProject
Global
	GlobalSection(SolutionConfigurationPlatforms) = preSolution
		Debug|Any CPU = Debug|Any CPU
		Release|Any CPU = Release|Any CPU
	EndGlobalSection
	GlobalSection(ProjectConfigurationPlatforms) = postSolution
		{A20C1BE5-83B2-405B-95A5-32D33EDE2CE3}.Debug|Any CPU.ActiveCfg = Debug|Any CPU
		{A20C1BE5-83B2-405B-95A5-32D33EDE2CE3}.Debug|Any CPU.Build.0 = Debug|Any CPU
		{A20C1BE5-83B2-405B-95A5-32D33EDE2CE3}.Release|Any CPU.ActiveCfg = Release|Any CPU
		{A20C1BE5-83B2-405B-95A5-32D33EDE2CE3}.Release|Any CPU.Build.0 = Release|Any CPU
		{30755BEE-4E39-4B62-B543-D5AD0DF78FD6}.Debug|Any CPU.ActiveCfg = Debug|Any CPU
		{30755BEE-4E39-4B62-B543-D5AD0DF78FD6}.Debug|Any CPU.Build.0 = Debug|Any CPU
		{30755BEE-4E39-4B62-B543-D5AD0DF78FD6}.Release|Any CPU.ActiveCfg = Release|Any CPU
		{30755BEE-4E39-4B62-B543-D5AD0DF78FD6}.Release|Any CPU.Build.0 = Release|Any CPU
		{FCC6E5ED-3100-45DD-9F8D-21031EBEAF3B}.Debug|Any CPU.ActiveCfg = Debug|Any CPU
		{FCC6E5ED-3100-45DD-9F8D-21031EBEAF3B}.Debug|Any CPU.Build.0 = Debug|Any CPU
		{FCC6E5ED-3100-45DD-9F8D-21031EBEAF3B}.Release|Any CPU.ActiveCfg = Release|Any CPU
		{FCC6E5ED-3100-45DD-9F8D-21031EBEAF3B}.Release|Any CPU.Build.0 = Release|Any CPU
		{6A99A16D-DA06-4DF5-B19A-3070E9A35082}.Debug|Any CPU.ActiveCfg = Debug|Any CPU
		{6A99A16D-DA06-4DF5-B19A-3070E9A35082}.Debug|Any CPU.Build.0 = Debug|Any CPU
		{6A99A16D-DA06-4DF5-B19A-3070E9A35082}.Release|Any CPU.ActiveCfg = Release|Any CPU
		{6A99A16D-DA06-4DF5-B19A-3070E9A35082}.Release|Any CPU.Build.0 = Release|Any CPU
		{BFC86752-B159-4D5B-89DC-70BA842AC0FE}.Debug|Any CPU.ActiveCfg = Debug|Any CPU
		{BFC86752-B159-4D5B-89DC-70BA842AC0FE}.Debug|Any CPU.Build.0 = Debug|Any CPU
		{BFC86752-B159-4D5B-89DC-70BA842AC0FE}.Release|Any CPU.ActiveCfg = Release|Any CPU
		{BFC86752-B159-4D5B-89DC-70BA842AC0FE}.Release|Any CPU.Build.0 = Release|Any CPU
		{C1BBC0CD-8E75-4C84-940B-3A8D07FB7EC9}.Debug|Any CPU.ActiveCfg = Debug|Any CPU
		{C1BBC0CD-8E75-4C84-940B-3A8D07FB7EC9}.Debug|Any CPU.Build.0 = Debug|Any CPU
		{C1BBC0CD-8E75-4C84-940B-3A8D07FB7EC9}.Release|Any CPU.ActiveCfg = Release|Any CPU
		{C1BBC0CD-8E75-4C84-940B-3A8D07FB7EC9}.Release|Any CPU.Build.0 = Release|Any CPU
		{A9A7567D-B339-454B-9DBC-2C297C9472E9}.Debug|Any CPU.ActiveCfg = Debug|Any CPU
		{A9A7567D-B339-454B-9DBC-2C297C9472E9}.Debug|Any CPU.Build.0 = Debug|Any CPU
		{A9A7567D-B339-454B-9DBC-2C297C9472E9}.Release|Any CPU.ActiveCfg = Release|Any CPU
		{A9A7567D-B339-454B-9DBC-2C297C9472E9}.Release|Any CPU.Build.0 = Release|Any CPU
	EndGlobalSection
	GlobalSection(SolutionProperties) = preSolution
		HideSolutionNode = FALSE
	EndGlobalSection
	GlobalSection(ExtensibilityGlobals) = postSolution
		SolutionGuid = {19E43879-BD22-4660-B39F-F6EF4F70077A}
	EndGlobalSection
EndGlobal
